
Microsoft Visual Studio Solution File, Format Version 12.00
# Visual Studio 15
VisualStudioVersion = 15.0.28307.1758
MinimumVisualStudioVersion = 10.0.40219.1
Project("{FAE04EC0-301F-11D3-BF4B-00C04F79EFBC}") = "DynamicStatus", "DynamicStatus\DynamicStatus.csproj", "{946C7A82-6110-44B8-9C50-8C70069CA65F}"
EndProject
Global
	GlobalSection(SolutionConfigurationPlatforms) = preSolution
		Debug|Any CPU = Debug|Any CPU
		Release|Any CPU = Release|Any CPU
	EndGlobalSection
	GlobalSection(ProjectConfigurationPlatforms) = postSolution
		{946C7A82-6110-44B8-9C50-8C70069CA65F}.Debug|Any CPU.ActiveCfg = Debug|Any CPU
		{946C7A82-6110-44B8-9C50-8C70069CA65F}.Debug|Any CPU.Build.0 = Debug|Any CPU
		{946C7A82-6110-44B8-9C50-8C70069CA65F}.Release|Any CPU.ActiveCfg = Release|Any CPU
		{946C7A82-6110-44B8-9C50-8C70069CA65F}.Release|Any CPU.Build.0 = Release|Any CPU
	EndGlobalSection
	GlobalSection(SolutionProperties) = preSolution
		HideSolutionNode = FALSE
	EndGlobalSection
	GlobalSection(ExtensibilityGlobals) = postSolution
		SolutionGuid = {860AFBF0-E9FA-4EAD-AB9A-FB55B085B3EC}
	EndGlobalSection
EndGlobal
